
Microsoft Visual Studio Solution File, Format Version 12.00
# Visual Studio Version 16
VisualStudioVersion = 16.0.30621.155
MinimumVisualStudioVersion = 10.0.40219.1
Project("{2150E333-8FDC-42A3-9474-1A3956D46DE8}") = "Domain", "Domain", "{2B70FB67-7341-4F1A-8ED5-7AB7FB372A61}"
EndProject
Project("{2150E333-8FDC-42A3-9474-1A3956D46DE8}") = "Comunications", "Comunications", "{1F0CE973-D4A4-40C2-9D91-C995AE486E62}"
EndProject
Project("{2150E333-8FDC-42A3-9474-1A3956D46DE8}") = "Client", "Client", "{08062B55-31A5-4C27-896D-8C449237CD39}"
EndProject
Project("{2150E333-8FDC-42A3-9474-1A3956D46DE8}") = "Server", "Server", "{30664E1B-A535-4CAD-B5B8-7A1E4BE02A3E}"
EndProject
Project("{9A19103F-16F7-4668-BE54-9A1E7A4F7556}") = "TechFlurry.SparkLedger.PWA", "TechFlurry.SparkLedger.PWA\TechFlurry.SparkLedger.PWA.csproj", "{EC595732-0FF6-430A-8AE2-18E6C44EC946}"
EndProject
Project("{9A19103F-16F7-4668-BE54-9A1E7A4F7556}") = "TechFlurry.SparkLedger.ClientServices", "TechFlurry.SparkLedger.ClientServices\TechFlurry.SparkLedger.ClientServices.csproj", "{4D0E463A-52A2-4D86-9B28-A8F1032F4CF7}"
EndProject
Project("{9A19103F-16F7-4668-BE54-9A1E7A4F7556}") = "TechFlurry.SparkLedger.DataServices", "TechFlurry.SparkLedger.DataServices\TechFlurry.SparkLedger.DataServices.csproj", "{4625F9C7-08F7-4CFE-949B-5FDFD918EE9D}"
EndProject
Project("{9A19103F-16F7-4668-BE54-9A1E7A4F7556}") = "TechFlurry.SparkLedger.ApplicationDomain", "TechFlurry.SparkLedger.ApplicationDomain\TechFlurry.SparkLedger.ApplicationDomain.csproj", "{761E298B-105B-4E12-ADED-6B5A5CA859CC}"
EndProject
Project("{9A19103F-16F7-4668-BE54-9A1E7A4F7556}") = "TechFlurry.SparkLedger.BusinessDomain", "TechFlurry.SparkLedger.BusinessDomain\TechFlurry.SparkLedger.BusinessDomain.csproj", "{9304CDC6-8871-40CC-95F4-84FEC5520C06}"
EndProject
Project("{9A19103F-16F7-4668-BE54-9A1E7A4F7556}") = "TechFlurry.SparkLedger.Shared", "TechFlurry.SparkLedger.Shared\TechFlurry.SparkLedger.Shared.csproj", "{6125DDF4-1872-462D-B985-1CCB9EB55A81}"
EndProject
Project("{9A19103F-16F7-4668-BE54-9A1E7A4F7556}") = "TechFlurry.SparkLedger.Validations", "TechFlurry.SparkLedger.Validations\TechFlurry.SparkLedger.Validations.csproj", "{E0F7222E-9F37-47DF-90D7-289E552A2ED0}"
EndProject
Project("{9A19103F-16F7-4668-BE54-9A1E7A4F7556}") = "TechFlurry.SparkLedger.DataAccess", "TechFlurry.SparkLedger.DataAccess\TechFlurry.SparkLedger.DataAccess.csproj", "{75173968-8915-4DE7-808A-82F1896E6ECD}"
EndProject
Project("{9A19103F-16F7-4668-BE54-9A1E7A4F7556}") = "TechFlurry.SparkLedger.RestAPI", "TechFlurry.SparkLedger.RestAPI\TechFlurry.SparkLedger.RestAPI.csproj", "{BF1D1C82-9231-4301-B4B5-AE4E24D64E96}"
EndProject
Global
	GlobalSection(SolutionConfigurationPlatforms) = preSolution
		Debug|Any CPU = Debug|Any CPU
		Release|Any CPU = Release|Any CPU
	EndGlobalSection
	GlobalSection(ProjectConfigurationPlatforms) = postSolution
		{EC595732-0FF6-430A-8AE2-18E6C44EC946}.Debug|Any CPU.ActiveCfg = Debug|Any CPU
		{EC595732-0FF6-430A-8AE2-18E6C44EC946}.Debug|Any CPU.Build.0 = Debug|Any CPU
		{EC595732-0FF6-430A-8AE2-18E6C44EC946}.Release|Any CPU.ActiveCfg = Release|Any CPU
		{EC595732-0FF6-430A-8AE2-18E6C44EC946}.Release|Any CPU.Build.0 = Release|Any CPU
		{4D0E463A-52A2-4D86-9B28-A8F1032F4CF7}.Debug|Any CPU.ActiveCfg = Debug|Any CPU
		{4D0E463A-52A2-4D86-9B28-A8F1032F4CF7}.Debug|Any CPU.Build.0 = Debug|Any CPU
		{4D0E463A-52A2-4D86-9B28-A8F1032F4CF7}.Release|Any CPU.ActiveCfg = Release|Any CPU
		{4D0E463A-52A2-4D86-9B28-A8F1032F4CF7}.Release|Any CPU.Build.0 = Release|Any CPU
		{4625F9C7-08F7-4CFE-949B-5FDFD918EE9D}.Debug|Any CPU.ActiveCfg = Debug|Any CPU
		{4625F9C7-08F7-4CFE-949B-5FDFD918EE9D}.Debug|Any CPU.Build.0 = Debug|Any CPU
		{4625F9C7-08F7-4CFE-949B-5FDFD918EE9D}.Release|Any CPU.ActiveCfg = Release|Any CPU
		{4625F9C7-08F7-4CFE-949B-5FDFD918EE9D}.Release|Any CPU.Build.0 = Release|Any CPU
		{761E298B-105B-4E12-ADED-6B5A5CA859CC}.Debug|Any CPU.ActiveCfg = Debug|Any CPU
		{761E298B-105B-4E12-ADED-6B5A5CA859CC}.Debug|Any CPU.Build.0 = Debug|Any CPU
		{761E298B-105B-4E12-ADED-6B5A5CA859CC}.Release|Any CPU.ActiveCfg = Release|Any CPU
		{761E298B-105B-4E12-ADED-6B5A5CA859CC}.Release|Any CPU.Build.0 = Release|Any CPU
		{9304CDC6-8871-40CC-95F4-84FEC5520C06}.Debug|Any CPU.ActiveCfg = Debug|Any CPU
		{9304CDC6-8871-40CC-95F4-84FEC5520C06}.Debug|Any CPU.Build.0 = Debug|Any CPU
		{9304CDC6-8871-40CC-95F4-84FEC5520C06}.Release|Any CPU.ActiveCfg = Release|Any CPU
		{9304CDC6-8871-40CC-95F4-84FEC5520C06}.Release|Any CPU.Build.0 = Release|Any CPU
		{6125DDF4-1872-462D-B985-1CCB9EB55A81}.Debug|Any CPU.ActiveCfg = Debug|Any CPU
		{6125DDF4-1872-462D-B985-1CCB9EB55A81}.Debug|Any CPU.Build.0 = Debug|Any CPU
		{6125DDF4-1872-462D-B985-1CCB9EB55A81}.Release|Any CPU.ActiveCfg = Release|Any CPU
		{6125DDF4-1872-462D-B985-1CCB9EB55A81}.Release|Any CPU.Build.0 = Release|Any CPU
		{E0F7222E-9F37-47DF-90D7-289E552A2ED0}.Debug|Any CPU.ActiveCfg = Debug|Any CPU
		{E0F7222E-9F37-47DF-90D7-289E552A2ED0}.Debug|Any CPU.Build.0 = Debug|Any CPU
		{E0F7222E-9F37-47DF-90D7-289E552A2ED0}.Release|Any CPU.ActiveCfg = Release|Any CPU
		{E0F7222E-9F37-47DF-90D7-289E552A2ED0}.Release|Any CPU.Build.0 = Release|Any CPU
		{75173968-8915-4DE7-808A-82F1896E6ECD}.Debug|Any CPU.ActiveCfg = Debug|Any CPU
		{75173968-8915-4DE7-808A-82F1896E6ECD}.Debug|Any CPU.Build.0 = Debug|Any CPU
		{75173968-8915-4DE7-808A-82F1896E6ECD}.Release|Any CPU.ActiveCfg = Release|Any CPU
		{75173968-8915-4DE7-808A-82F1896E6ECD}.Release|Any CPU.Build.0 = Release|Any CPU
		{BF1D1C82-9231-4301-B4B5-AE4E24D64E96}.Debug|Any CPU.ActiveCfg = Debug|Any CPU
		{BF1D1C82-9231-4301-B4B5-AE4E24D64E96}.Debug|Any CPU.Build.0 = Debug|Any CPU
		{BF1D1C82-9231-4301-B4B5-AE4E24D64E96}.Release|Any CPU.ActiveCfg = Release|Any CPU
		{BF1D1C82-9231-4301-B4B5-AE4E24D64E96}.Release|Any CPU.Build.0 = Release|Any CPU
	EndGlobalSection
	GlobalSection(SolutionProperties) = preSolution
		HideSolutionNode = FALSE
	EndGlobalSection
	GlobalSection(NestedProjects) = preSolution
		{EC595732-0FF6-430A-8AE2-18E6C44EC946} = {08062B55-31A5-4C27-896D-8C449237CD39}
		{4D0E463A-52A2-4D86-9B28-A8F1032F4CF7} = {1F0CE973-D4A4-40C2-9D91-C995AE486E62}
		{4625F9C7-08F7-4CFE-949B-5FDFD918EE9D} = {1F0CE973-D4A4-40C2-9D91-C995AE486E62}
		{761E298B-105B-4E12-ADED-6B5A5CA859CC} = {2B70FB67-7341-4F1A-8ED5-7AB7FB372A61}
		{9304CDC6-8871-40CC-95F4-84FEC5520C06} = {2B70FB67-7341-4F1A-8ED5-7AB7FB372A61}
		{6125DDF4-1872-462D-B985-1CCB9EB55A81} = {2B70FB67-7341-4F1A-8ED5-7AB7FB372A61}
		{E0F7222E-9F37-47DF-90D7-289E552A2ED0} = {2B70FB67-7341-4F1A-8ED5-7AB7FB372A61}
		{75173968-8915-4DE7-808A-82F1896E6ECD} = {30664E1B-A535-4CAD-B5B8-7A1E4BE02A3E}
		{BF1D1C82-9231-4301-B4B5-AE4E24D64E96} = {30664E1B-A535-4CAD-B5B8-7A1E4BE02A3E}
	EndGlobalSection
	GlobalSection(ExtensibilityGlobals) = postSolution
		SolutionGuid = {8E2710AE-53AC-4D8F-8F0A-7C50CEDC4BD9}
	EndGlobalSection
EndGlobal
